
Microsoft Visual Studio Solution File, Format Version 12.00
# Visual Studio Version 16
VisualStudioVersion = 16.0.32228.343
MinimumVisualStudioVersion = 10.0.40219.1
Project("{9A19103F-16F7-4668-BE54-9A1E7A4F7556}") = "MiCalculadora", "MiCalculadora\MiCalculadora.csproj", "{F7D3191A-A98E-4A32-8D4C-5CACBB3B680D}"
EndProject
Project("{FAE04EC0-301F-11D3-BF4B-00C04F79EFBC}") = "Entidades", "Entidades\Entidades.csproj", "{E153A6B2-8753-4F3A-ADC3-19432DC83D59}"
EndProject
Global
	GlobalSection(SolutionConfigurationPlatforms) = preSolution
		Debug|Any CPU = Debug|Any CPU
		Release|Any CPU = Release|Any CPU
	EndGlobalSection
	GlobalSection(ProjectConfigurationPlatforms) = postSolution
		{F7D3191A-A98E-4A32-8D4C-5CACBB3B680D}.Debug|Any CPU.ActiveCfg = Debug|Any CPU
		{F7D3191A-A98E-4A32-8D4C-5CACBB3B680D}.Debug|Any CPU.Build.0 = Debug|Any CPU
		{F7D3191A-A98E-4A32-8D4C-5CACBB3B680D}.Release|Any CPU.ActiveCfg = Release|Any CPU
		{F7D3191A-A98E-4A32-8D4C-5CACBB3B680D}.Release|Any CPU.Build.0 = Release|Any CPU
		{E153A6B2-8753-4F3A-ADC3-19432DC83D59}.Debug|Any CPU.ActiveCfg = Debug|Any CPU
		{E153A6B2-8753-4F3A-ADC3-19432DC83D59}.Debug|Any CPU.Build.0 = Debug|Any CPU
		{E153A6B2-8753-4F3A-ADC3-19432DC83D59}.Release|Any CPU.ActiveCfg = Release|Any CPU
		{E153A6B2-8753-4F3A-ADC3-19432DC83D59}.Release|Any CPU.Build.0 = Release|Any CPU
	EndGlobalSection
	GlobalSection(SolutionProperties) = preSolution
		HideSolutionNode = FALSE
	EndGlobalSection
	GlobalSection(ExtensibilityGlobals) = postSolution
		SolutionGuid = {C2A5EEB3-7487-4856-A51C-AABF0EA5ADBF}
	EndGlobalSection
EndGlobal
